
Microsoft Visual Studio Solution File, Format Version 12.00
# Visual Studio Version 16
VisualStudioVersion = 16.0.31105.61
MinimumVisualStudioVersion = 10.0.40219.1
Project("{FAE04EC0-301F-11D3-BF4B-00C04F79EFBC}") = "Build Installer", "Build Installer.csproj", "{656B0A93-76FD-4E26-AC55-831DCB2A824E}"
EndProject
Global
	GlobalSection(SolutionConfigurationPlatforms) = preSolution
		Debug|Any CPU = Debug|Any CPU
		Release|Any CPU = Release|Any CPU
	EndGlobalSection
	GlobalSection(ProjectConfigurationPlatforms) = postSolution
		{656B0A93-76FD-4E26-AC55-831DCB2A824E}.Debug|Any CPU.ActiveCfg = Debug|Any CPU
		{656B0A93-76FD-4E26-AC55-831DCB2A824E}.Debug|Any CPU.Build.0 = Debug|Any CPU
		{656B0A93-76FD-4E26-AC55-831DCB2A824E}.Release|Any CPU.ActiveCfg = Release|Any CPU
		{656B0A93-76FD-4E26-AC55-831DCB2A824E}.Release|Any CPU.Build.0 = Release|Any CPU
	EndGlobalSection
	GlobalSection(SolutionProperties) = preSolution
		HideSolutionNode = FALSE
	EndGlobalSection
	GlobalSection(ExtensibilityGlobals) = postSolution
		SolutionGuid = {F10EEEFF-958B-40BA-9FCD-FD6A3C5FC43B}
	EndGlobalSection
EndGlobal
